
Microsoft Visual Studio Solution File, Format Version 12.00
# Visual Studio Version 16
VisualStudioVersion = 16.0.29025.244
MinimumVisualStudioVersion = 10.0.40219.1
Project("{FAE04EC0-301F-11D3-BF4B-00C04F79EFBC}") = "EventGrid1", "EventGrid1\EventGrid1.csproj", "{99297B3E-C0CB-4345-A60B-DBF5212CCCC1}"
EndProject
Global
	GlobalSection(SolutionConfigurationPlatforms) = preSolution
		Debug|Any CPU = Debug|Any CPU
		Release|Any CPU = Release|Any CPU
	EndGlobalSection
	GlobalSection(ProjectConfigurationPlatforms) = postSolution
		{99297B3E-C0CB-4345-A60B-DBF5212CCCC1}.Debug|Any CPU.ActiveCfg = Debug|Any CPU
		{99297B3E-C0CB-4345-A60B-DBF5212CCCC1}.Debug|Any CPU.Build.0 = Debug|Any CPU
		{99297B3E-C0CB-4345-A60B-DBF5212CCCC1}.Release|Any CPU.ActiveCfg = Release|Any CPU
		{99297B3E-C0CB-4345-A60B-DBF5212CCCC1}.Release|Any CPU.Build.0 = Release|Any CPU
	EndGlobalSection
	GlobalSection(SolutionProperties) = preSolution
		HideSolutionNode = FALSE
	EndGlobalSection
	GlobalSection(ExtensibilityGlobals) = postSolution
		SolutionGuid = {80BD675E-196C-4DDC-980C-2E026EEA9491}
	EndGlobalSection
EndGlobal
